
Microsoft Visual Studio Solution File, Format Version 12.00
# Visual Studio Version 17
VisualStudioVersion = 17.9.34902.65
MinimumVisualStudioVersion = 10.0.40219.1
Project("{9A19103F-16F7-4668-BE54-9A1E7A4F7556}") = "BlazorBooksManager", "BlazorBooksManager\BlazorBooksManager\BlazorBooksManager.csproj", "{9280B5A3-4AD1-4D93-8E12-00E094314914}"
EndProject
Project("{9A19103F-16F7-4668-BE54-9A1E7A4F7556}") = "BlazorBooksManager.Client", "BlazorBooksManager\BlazorBooksManager.Client\BlazorBooksManager.Client.csproj", "{EFC49CCF-F002-49BB-83C0-B06499B31B65}"
EndProject
Global
	GlobalSection(SolutionConfigurationPlatforms) = preSolution
		Debug|Any CPU = Debug|Any CPU
		Release|Any CPU = Release|Any CPU
	EndGlobalSection
	GlobalSection(ProjectConfigurationPlatforms) = postSolution
		{9280B5A3-4AD1-4D93-8E12-00E094314914}.Debug|Any CPU.ActiveCfg = Debug|Any CPU
		{9280B5A3-4AD1-4D93-8E12-00E094314914}.Debug|Any CPU.Build.0 = Debug|Any CPU
		{9280B5A3-4AD1-4D93-8E12-00E094314914}.Release|Any CPU.ActiveCfg = Release|Any CPU
		{9280B5A3-4AD1-4D93-8E12-00E094314914}.Release|Any CPU.Build.0 = Release|Any CPU
		{EFC49CCF-F002-49BB-83C0-B06499B31B65}.Debug|Any CPU.ActiveCfg = Debug|Any CPU
		{EFC49CCF-F002-49BB-83C0-B06499B31B65}.Debug|Any CPU.Build.0 = Debug|Any CPU
		{EFC49CCF-F002-49BB-83C0-B06499B31B65}.Release|Any CPU.ActiveCfg = Release|Any CPU
		{EFC49CCF-F002-49BB-83C0-B06499B31B65}.Release|Any CPU.Build.0 = Release|Any CPU
	EndGlobalSection
	GlobalSection(SolutionProperties) = preSolution
		HideSolutionNode = FALSE
	EndGlobalSection
	GlobalSection(ExtensibilityGlobals) = postSolution
		SolutionGuid = {37150403-7D2E-4750-BE97-2F005D777DBC}
	EndGlobalSection
EndGlobal
